{
  "requires": true,
  "lockfileVersion": 1,
  "dependencies": {
    "primeicons": {
      "version": "2.0.0",
      "resolved": "https://registry.npmjs.org/primeicons/-/primeicons-2.0.0.tgz",
      "integrity": "sha512-GJTCeMSQU8UU1GqbsaDrg/IH+b/vSinJQl52NVpdJ7sShYLZA8Eq6jLF48Ye3N/dQloGrE07i7XsZvxQ9pNbqg=="
    },
    "primeng": {
      "version": "9.0.3",
      "resolved": "https://registry.npmjs.org/primeng/-/primeng-9.0.3.tgz",
      "integrity": "sha512-Cf0VzNHAxaNnJUrsyK3tRmmA2rNMZd3IeZvVsJPsNb3F4NQHpo1CByWROjo9lWlhpxRIExuldtbdaYWP7uO/6w=="
    }
  }
}
